
Microsoft Visual Studio Solution File, Format Version 11.00
# Visual Studio 2010
Project("{8BC9CEB8-8B4A-11D0-8D11-00A0C91BC942}") = "GettingStarted", "GettingStarted.vcxproj", "{9B1700C7-D20C-4489-A47E-60D639F18F89}"
EndProject
Global
	GlobalSection(SolutionConfigurationPlatforms) = preSolution
		Debug|Xbox 360 = Debug|Xbox 360
		Release|Xbox 360 = Release|Xbox 360
	EndGlobalSection
	GlobalSection(ProjectConfigurationPlatforms) = postSolution
		{9B1700C7-D20C-4489-A47E-60D639F18F89}.Debug|Xbox 360.ActiveCfg = Debug|Xbox 360
		{9B1700C7-D20C-4489-A47E-60D639F18F89}.Debug|Xbox 360.Build.0 = Debug|Xbox 360
		{9B1700C7-D20C-4489-A47E-60D639F18F89}.Debug|Xbox 360.Deploy.0 = Debug|Xbox 360
		{9B1700C7-D20C-4489-A47E-60D639F18F89}.Release|Xbox 360.ActiveCfg = Release|Xbox 360
		{9B1700C7-D20C-4489-A47E-60D639F18F89}.Release|Xbox 360.Build.0 = Release|Xbox 360
		{9B1700C7-D20C-4489-A47E-60D639F18F89}.Release|Xbox 360.Deploy.0 = Release|Xbox 360
	EndGlobalSection
	GlobalSection(SolutionProperties) = preSolution
		HideSolutionNode = FALSE
	EndGlobalSection
EndGlobal
